// !$*UTF8*$!
{
	archiveVersion = 1;
	classes = {
	};
	objectVersion = 46;
	objects = {

/* Begin PBXBuildFile section */
		7D40E2F31DFDA4A800CD4721 /* OpenGL.framework in Frameworks */ = {isa = PBXBuildFile; fileRef = 7D40E2F21DFDA4A800CD4721 /* OpenGL.framework */; };
/* End PBXBuildFile section */

/* Begin PBXCopyFilesBuildPhase section */
		7D40E2E01DFDA27C00CD4721 /* CopyFiles */ = {
			isa = PBXCopyFilesBuildPhase;
			buildActionMask = 2147483647;
			dstPath = /usr/share/man/man1/;
			dstSubfolderSpec = 0;
			files = (
			);
			runOnlyForDeploymentPostprocessing = 1;
		};
/* End PBXCopyFilesBuildPhase section */

/* Begin PBXFileReference section */
		7D40E2E21DFDA27D00CD4721 /* Ray Tracing test */ = {isa = PBXFileReference; explicitFileType = "compiled.mach-o.executable"; includeInIndex = 0; path = "Ray Tracing test"; sourceTree = BUILT_PRODUCTS_DIR; };
		7D40E2EC1DFDA2A000CD4721 /* src */ = {isa = PBXFileReference; lastKnownFileType = folder; path = src; sourceTree = "<group>"; };
		7D40E2ED1DFDA2DA00CD4721 /* include */ = {isa = PBXFileReference; lastKnownFileType = folder; path = include; sourceTree = "<group>"; };
		7D40E2EE1DFDA2EE00CD4721 /* Executable */ = {isa = PBXFileReference; lastKnownFileType = folder; path = Executable; sourceTree = "<group>"; };
		7D40E2F21DFDA4A800CD4721 /* OpenGL.framework */ = {isa = PBXFileReference; lastKnownFileType = wrapper.framework; name = OpenGL.framework; path = System/Library/Frameworks/OpenGL.framework; sourceTree = SDKROOT; };
/* End PBXFileReference section */

/* Begin PBXFrameworksBuildPhase section */
		7D40E2DF1DFDA27C00CD4721 /* Frameworks */ = {
			isa = PBXFrameworksBuildPhase;
			buildActionMask = 2147483647;
			files = (
				7D40E2F31DFDA4A800CD4721 /* OpenGL.framework in Frameworks */,
			);
			runOnlyForDeploymentPostprocessing = 0;
		};
/* End PBXFrameworksBuildPhase section */

/* Begin PBXGroup section */
		7D40E2D91DFDA27C00CD4721 = {
			isa = PBXGroup;
			children = (
				7D40E2E41DFDA27D00CD4721 /* Ray Tracing test */,
				7D40E2E31DFDA27D00CD4721 /* Products */,
				7D40E2F11DFDA4A700CD4721 /* Frameworks */,
			);
			sourceTree = "<group>";
		};
		7D40E2E31DFDA27D00CD4721 /* Products */ = {
			isa = PBXGroup;
			children = (
				7D40E2E21DFDA27D00CD4721 /* Ray Tracing test */,
			);
			name = Products;
			sourceTree = "<group>";
		};
		7D40E2E41DFDA27D00CD4721 /* Ray Tracing test */ = {
			isa = PBXGroup;
			children = (
				7D40E2ED1DFDA2DA00CD4721 /* include */,
				7D40E2EC1DFDA2A000CD4721 /* src */,
				7D40E2EE1DFDA2EE00CD4721 /* Executable */,
			);
			path = "Ray Tracing test";
			sourceTree = "<group>";
		};
		7D40E2F11DFDA4A700CD4721 /* Frameworks */ = {
			isa = PBXGroup;
			children = (
				7D40E2F21DFDA4A800CD4721 /* OpenGL.framework */,
			);
			name = Frameworks;
			sourceTree = "<group>";
		};
/* End PBXGroup section */

/* Begin PBXNativeTarget section */
		7D40E2E11DFDA27C00CD4721 /* Ray Tracing test */ = {
			isa = PBXNativeTarget;
			buildConfigurationList = 7D40E2E91DFDA27D00CD4721 /* Build configuration list for PBXNativeTarget "Ray Tracing test" */;
			buildPhases = (
				7D40E2DE1DFDA27C00CD4721 /* Sources */,
				7D40E2DF1DFDA27C00CD4721 /* Frameworks */,
				7D40E2E01DFDA27C00CD4721 /* CopyFiles */,
			);
			buildRules = (
			);
			dependencies = (
			);
			name = "Ray Tracing test";
			productName = "Ray Tracing test";
			productReference = 7D40E2E21DFDA27D00CD4721 /* Ray Tracing test */;
			productType = "com.apple.product-type.tool";
		};
/* End PBXNativeTarget section */

/* Begin PBXProject section */
		7D40E2DA1DFDA27C00CD4721 /* Project object */ = {
			isa = PBXProject;
			attributes = {
				LastUpgradeCheck = 0810;
				ORGANIZATIONNAME = Jamie;
				TargetAttributes = {
					7D40E2E11DFDA27C00CD4721 = {
						CreatedOnToolsVersion = 8.1;
						ProvisioningStyle = Automatic;
					};
				};
			};
			buildConfigurationList = 7D40E2DD1DFDA27C00CD4721 /* Build configuration list for PBXProject "Ray Tracing test" */;
			compatibilityVersion = "Xcode 3.2";
			developmentRegion = English;
			hasScannedForEncodings = 0;
			knownRegions = (
				en,
			);
			mainGroup = 7D40E2D91DFDA27C00CD4721;
			productRefGroup = 7D40E2E31DFDA27D00CD4721 /* Products */;
			projectDirPath = "";
			projectRoot = "";
			targets = (
				7D40E2E11DFDA27C00CD4721 /* Ray Tracing test */,
			);
		};
/* End PBXProject section */

/* Begin PBXSourcesBuildPhase section */
		7D40E2DE1DFDA27C00CD4721 /* Sources */ = {
			isa = PBXSourcesBuildPhase;
			buildActionMask = 2147483647;
			files = (
			);
			runOnlyForDeploymentPostprocessing = 0;
		};
/* End PBXSourcesBuildPhase section */

/* Begin XCBuildConfiguration section */
		7D40E2E71DFDA27D00CD4721 /* Debug */ = {
			isa = XCBuildConfiguration;
			buildSettings = {
				ALWAYS_SEARCH_USER_PATHS = NO;
				CLANG_ANALYZER_NONNULL = YES;
				CLANG_CXX_LANGUAGE_STANDARD = "gnu++0x";
				CLANG_CXX_LIBRARY = "libc++";
				CLANG_ENABLE_MODULES = YES;
				CLANG_ENABLE_OBJC_ARC = YES;
				CLANG_WARN_BOOL_CONVERSION = YES;
				CLANG_WARN_CONSTANT_CONVERSION = YES;
				CLANG_WARN_DIRECT_OBJC_ISA_USAGE = YES_ERROR;
				CLANG_WARN_DOCUMENTATION_COMMENTS = YES;
				CLANG_WARN_EMPTY_BODY = YES;
				CLANG_WARN_ENUM_CONVERSION = YES;
				CLANG_WARN_INFINITE_RECURSION = YES;
				CLANG_WARN_INT_CONVERSION = YES;
				CLANG_WARN_OBJC_ROOT_CLASS = YES_ERROR;
				CLANG_WARN_SUSPICIOUS_MOVES = YES;
				CLANG_WARN_UNREACHABLE_CODE = YES;
				CLANG_WARN__DUPLICATE_METHOD_MATCH = YES;
				CODE_SIGN_IDENTITY = "-";
				COPY_PHASE_STRIP = NO;
				DEBUG_INFORMATION_FORMAT = dwarf;
				ENABLE_STRICT_OBJC_MSGSEND = YES;
				ENABLE_TESTABILITY = YES;
				GCC_C_LANGUAGE_STANDARD = gnu99;
				GCC_DYNAMIC_NO_PIC = NO;
				GCC_NO_COMMON_BLOCKS = YES;
				GCC_OPTIMIZATION_LEVEL = 0;
				GCC_PREPROCESSOR_DEFINITIONS = (
					"DEBUG=1",
					"$(inherited)",
				);
				GCC_WARN_64_TO_32_BIT_CONVERSION = YES;
				GCC_WARN_ABOUT_RETURN_TYPE = YES_ERROR;
				GCC_WARN_UNDECLARED_SELECTOR = YES;
				GCC_WARN_UNINITIALIZED_AUTOS = YES_AGGRESSIVE;
				GCC_WARN_UNUSED_FUNCTION = YES;
				GCC_WARN_UNUSED_VARIABLE = YES;
				MACOSX_DEPLOYMENT_TARGET = 10.12;
				MTL_ENABLE_DEBUG_INFO = YES;
				ONLY_ACTIVE_ARCH = YES;
				SDKROOT = macosx;
			};
			name = Debug;
		};
		7D40E2E81DFDA27D00CD4721 /* Release */ = {
			isa = XCBuildConfiguration;
			buildSettings = {
				ALWAYS_SEARCH_USER_PATHS = NO;
				CLANG_ANALYZER_NONNULL = YES;
				CLANG_CXX_LANGUAGE_STANDARD = "gnu++0x";
				CLANG_CXX_LIBRARY = "libc++";
				CLANG_ENABLE_MODULES = YES;
				CLANG_ENABLE_OBJC_ARC = YES;
				CLANG_WARN_BOOL_CONVERSION = YES;
				CLANG_WARN_CONSTANT_CONVERSION = YES;
				CLANG_WARN_DIRECT_OBJC_ISA_USAGE = YES_ERROR;
				CLANG_WARN_DOCUMENTATION_COMMENTS = YES;
				CLANG_WARN_EMPTY_BODY = YES;
				CLANG_WARN_ENUM_CONVERSION = YES;
				CLANG_WARN_INFINITE_RECURSION = YES;
				CLANG_WARN_INT_CONVERSION = YES;
				CLANG_WARN_OBJC_ROOT_CLASS = YES_ERROR;
				CLANG_WARN_SUSPICIOUS_MOVES = YES;
				CLANG_WARN_UNREACHABLE_CODE = YES;
				CLANG_WARN__DUPLICATE_METHOD_MATCH = YES;
				CODE_SIGN_IDENTITY = "-";
				COPY_PHASE_STRIP = NO;
				DEBUG_INFORMATION_FORMAT = "dwarf-with-dsym";
				ENABLE_NS_ASSERTIONS = NO;
				ENABLE_STRICT_OBJC_MSGSEND = YES;
				GCC_C_LANGUAGE_STANDARD = gnu99;
				GCC_NO_COMMON_BLOCKS = YES;
				GCC_WARN_64_TO_32_BIT_CONVERSION = YES;
				GCC_WARN_ABOUT_RETURN_TYPE = YES_ERROR;
				GCC_WARN_UNDECLARED_SELECTOR = YES;
				GCC_WARN_UNINITIALIZED_AUTOS = YES_AGGRESSIVE;
				GCC_WARN_UNUSED_FUNCTION = YES;
				GCC_WARN_UNUSED_VARIABLE = YES;
				MACOSX_DEPLOYMENT_TARGET = 10.12;
				MTL_ENABLE_DEBUG_INFO = NO;
				SDKROOT = macosx;
			};
			name = Release;
		};
		7D40E2EA1DFDA27D00CD4721 /* Debug */ = {
			isa = XCBuildConfiguration;
			buildSettings = {
				PRODUCT_NAME = "$(TARGET_NAME)";
			};
			name = Debug;
		};
		7D40E2EB1DFDA27D00CD4721 /* Release */ = {
			isa = XCBuildConfiguration;
			buildSettings = {
				PRODUCT_NAME = "$(TARGET_NAME)";
			};
			name = Release;
		};
/* End XCBuildConfiguration section */

/* Begin XCConfigurationList section */
		7D40E2DD1DFDA27C00CD4721 /* Build configuration list for PBXProject "Ray Tracing test" */ = {
			isa = XCConfigurationList;
			buildConfigurations = (
				7D40E2E71DFDA27D00CD4721 /* Debug */,
				7D40E2E81DFDA27D00CD4721 /* Release */,
			);
			defaultConfigurationIsVisible = 0;
			defaultConfigurationName = Release;
		};
		7D40E2E91DFDA27D00CD4721 /* Build configuration list for PBXNativeTarget "Ray Tracing test" */ = {
			isa = XCConfigurationList;
			buildConfigurations = (
				7D40E2EA1DFDA27D00CD4721 /* Debug */,
				7D40E2EB1DFDA27D00CD4721 /* Release */,
			);
			defaultConfigurationIsVisible = 0;
		};
/* End XCConfigurationList section */
	};
	rootObject = 7D40E2DA1DFDA27C00CD4721 /* Project object */;
}
